speakeasyVersion: 1.741.6
sources:
    factify-api:
        sourceNamespace: factify-api
        sourceRevisionDigest: sha256:2e753de1e33b96b27643a51787e96e9204f39204aadcedf51250f393be244c49
        sourceBlobDigest: sha256:e4a40beaed77ac200df22c19e8c3335d1e4f0c1664f117bb9d6be00f63a72621
        tags:
            - latest
            - 1.0.0
targets:
    typescript:
        source: factify-api
        sourceNamespace: factify-api
        sourceRevisionDigest: sha256:2e753de1e33b96b27643a51787e96e9204f39204aadcedf51250f393be244c49
        sourceBlobDigest: sha256:e4a40beaed77ac200df22c19e8c3335d1e4f0c1664f117bb9d6be00f63a72621
        codeSamplesNamespace: factify-api-typescript-code-samples
        codeSamplesRevisionDigest: sha256:d8872532446067c8902b54c33a90b56c9e8d4b0e028141f0a78848a58fa2b0d0
workflow:
    workflowVersion: 1.0.0
    speakeasyVersion: latest
    sources:
        factify-api:
            inputs:
                - location: ./openapi.json
            registry:
                location: registry.speakeasyapi.dev/factify/api/factify-api
    targets:
        typescript:
            target: typescript
            source: factify-api
            output: .
            publish:
                npm:
                    token: $npm_token
            codeSamples:
                output: codeSamples.yaml
                registry:
                    location: registry.speakeasyapi.dev/factify/api/factify-api-typescript-code-samples
                style: standard
