speakeasyVersion: 1.680.12
sources:
    factify-api:
        sourceNamespace: factify-api
        sourceRevisionDigest: sha256:2a4c3fb953847f3b60084e4e3060746063656255290b3641bfd1881a12984385
        sourceBlobDigest: sha256:1aa10a4f34d69cbd8ae6c202da568b1c5073ba890b9cc083ba78b5cfe7cd47d8
        tags:
            - latest
            - speakeasy-sdk-regen-1767621474
            - 1.0.0
targets:
    typescript:
        source: factify-api
        sourceNamespace: factify-api
        sourceRevisionDigest: sha256:2a4c3fb953847f3b60084e4e3060746063656255290b3641bfd1881a12984385
        sourceBlobDigest: sha256:1aa10a4f34d69cbd8ae6c202da568b1c5073ba890b9cc083ba78b5cfe7cd47d8
        codeSamplesNamespace: factify-api-typescript-code-samples
        codeSamplesRevisionDigest: sha256:8c4252b6c829dcdf214059790913b666f6f7084e14a08ba6d4c23a8c4959a5ea
workflow:
    workflowVersion: 1.0.0
    speakeasyVersion: latest
    sources:
        factify-api:
            inputs:
                - location: ./openapi.json
            registry:
                location: registry.speakeasyapi.dev/factify/api/factify-api
    targets:
        typescript:
            target: typescript
            source: factify-api
            output: .
            codeSamples:
                output: codeSamples.yaml
                registry:
                    location: registry.speakeasyapi.dev/factify/api/factify-api-typescript-code-samples
                style: standard
