speakeasyVersion: 1.685.0
sources:
    factify-api:
        sourceNamespace: factify-api
        sourceRevisionDigest: sha256:4249d98e75dd950d2623527a78a92734328f93d52f74b3a0bfc5c4121cc44c45
        sourceBlobDigest: sha256:67db2bda26a946534592251ee3b63ed4c5606ff8a11d6be697d6e88e281eb7d6
        tags:
            - latest
            - speakeasy-sdk-regen-1768315202
            - 1.0.0
targets:
    typescript:
        source: factify-api
        sourceNamespace: factify-api
        sourceRevisionDigest: sha256:4249d98e75dd950d2623527a78a92734328f93d52f74b3a0bfc5c4121cc44c45
        sourceBlobDigest: sha256:67db2bda26a946534592251ee3b63ed4c5606ff8a11d6be697d6e88e281eb7d6
        codeSamplesNamespace: factify-api-typescript-code-samples
        codeSamplesRevisionDigest: sha256:5f3b43c66967e35b01056626780951232eea6843644c1b79b95691efdfaa1c88
workflow:
    workflowVersion: 1.0.0
    speakeasyVersion: latest
    sources:
        factify-api:
            inputs:
                - location: ./openapi.json
            registry:
                location: registry.speakeasyapi.dev/factify/api/factify-api
    targets:
        typescript:
            target: typescript
            source: factify-api
            output: .
            publish:
                npm:
                    token: $npm_token
            codeSamples:
                output: codeSamples.yaml
                registry:
                    location: registry.speakeasyapi.dev/factify/api/factify-api-typescript-code-samples
                style: standard
